
github.com/abdelrhman-basyoni/goresp v0.1.0 h1:0N7wZms00rUmknY51wbWCA5nOu9j9sbVcUP2Pv8asbk=
github.com/abdelrhman-basyoni/goresp v0.1.0/go.mod h1:UcurwIFJ7ujp0EDgm50AGteC7haVZptV/QXQdhok8N4=
github.com/abdelrhman-basyoni/goresp v0.1.1 h1:XWr2atNUrvl0sdBJ1BclBaFkroF3wWvBIMZSab+iQeg=
github.com/abdelrhman-basyoni/goresp v0.1.1/go.mod h1:UcurwIFJ7ujp0EDgm50AGteC7haVZptV/QXQdhok8N4=
github.com/abdelrhman-basyoni/goresp v0.1.8 h1:HBXylr5DQspMKj3sQAeEKJuE55V/kDeU4GDxK/96wn4=
github.com/abdelrhman-basyoni/goresp v0.1.8/go.mod h1:UcurwIFJ7ujp0EDgm50AGteC7haVZptV/QXQdhok8N4=

